
Microsoft Visual Studio Solution File, Format Version 12.00
Project("{FAE04EC0-301F-11D3-BF4B-00C04F79EFBC}") = "DataModels", "DataModels\DataModels.csproj", "{2F88116C-5B67-4152-8617-2F3A7EF90C59}"
EndProject
Project("{FAE04EC0-301F-11D3-BF4B-00C04F79EFBC}") = "CatchChangesREST", "CatchChangesREST\CatchChangesREST.csproj", "{2AE2DA16-B58F-4448-BC29-BA658DDB01D0}"
EndProject
Global
	GlobalSection(SolutionConfigurationPlatforms) = preSolution
		Debug|Any CPU = Debug|Any CPU
		Release|Any CPU = Release|Any CPU
	EndGlobalSection
	GlobalSection(ProjectConfigurationPlatforms) = postSolution
		{2F88116C-5B67-4152-8617-2F3A7EF90C59}.Debug|Any CPU.ActiveCfg = Debug|Any CPU
		{2F88116C-5B67-4152-8617-2F3A7EF90C59}.Debug|Any CPU.Build.0 = Debug|Any CPU
		{2F88116C-5B67-4152-8617-2F3A7EF90C59}.Release|Any CPU.ActiveCfg = Release|Any CPU
		{2F88116C-5B67-4152-8617-2F3A7EF90C59}.Release|Any CPU.Build.0 = Release|Any CPU
		{2AE2DA16-B58F-4448-BC29-BA658DDB01D0}.Debug|Any CPU.ActiveCfg = Debug|Any CPU
		{2AE2DA16-B58F-4448-BC29-BA658DDB01D0}.Debug|Any CPU.Build.0 = Debug|Any CPU
		{2AE2DA16-B58F-4448-BC29-BA658DDB01D0}.Release|Any CPU.ActiveCfg = Release|Any CPU
		{2AE2DA16-B58F-4448-BC29-BA658DDB01D0}.Release|Any CPU.Build.0 = Release|Any CPU
	EndGlobalSection
EndGlobal
